// !$*UTF8*$!
{
	archiveVersion = 1;
	classes = {
	};
	objectVersion = 50;
	objects = {

/* Begin PBXBuildFile section */
		9914784021E87CE50013BEEF /* M6XIndexScrollObserver.m in Sources */ = {isa = PBXBuildFile; fileRef = 9914783F21E87CE50013BEEF /* M6XIndexScrollObserver.m */; };
		9914784B21E893EC0013BEEF /* M6RisePercentScrollObserver.m in Sources */ = {isa = PBXBuildFile; fileRef = 9914784A21E893EC0013BEEF /* M6RisePercentScrollObserver.m */; };
		995E50A821E727A200C3DB28 /* AppDelegate.m in Sources */ = {isa = PBXBuildFile; fileRef = 995E50A721E727A200C3DB28 /* AppDelegate.m */; };
		995E50AB21E727A200C3DB28 /* ViewController.m in Sources */ = {isa = PBXBuildFile; fileRef = 995E50AA21E727A200C3DB28 /* ViewController.m */; };
		995E50AE21E727A200C3DB28 /* Main.storyboard in Resources */ = {isa = PBXBuildFile; fileRef = 995E50AC21E727A200C3DB28 /* Main.storyboard */; };
		995E50B021E727A400C3DB28 /* Assets.xcassets in Resources */ = {isa = PBXBuildFile; fileRef = 995E50AF21E727A400C3DB28 /* Assets.xcassets */; };
		995E50B321E727A400C3DB28 /* LaunchScreen.storyboard in Resources */ = {isa = PBXBuildFile; fileRef = 995E50B121E727A400C3DB28 /* LaunchScreen.storyboard */; };
		995E50B621E727A400C3DB28 /* main.m in Sources */ = {isa = PBXBuildFile; fileRef = 995E50B521E727A400C3DB28 /* main.m */; };
		995E50C321E7289A00C3DB28 /* M6OffsetScrollObserver.m in Sources */ = {isa = PBXBuildFile; fileRef = 995E50C221E7289A00C3DB28 /* M6OffsetScrollObserver.m */; };
		995E50C721E728F900C3DB28 /* M6YProgressScrollObserver.m in Sources */ = {isa = PBXBuildFile; fileRef = 995E50C621E728F900C3DB28 /* M6YProgressScrollObserver.m */; };
		995E50D121E7307D00C3DB28 /* M4TempListGenerator.m in Sources */ = {isa = PBXBuildFile; fileRef = 995E50D021E7307D00C3DB28 /* M4TempListGenerator.m */; };
/* End PBXBuildFile section */

/* Begin PBXFileReference section */
		9914783E21E87CE50013BEEF /* M6XIndexScrollObserver.h */ = {isa = PBXFileReference; lastKnownFileType = sourcecode.c.h; path = M6XIndexScrollObserver.h; sourceTree = "<group>"; };
		9914783F21E87CE50013BEEF /* M6XIndexScrollObserver.m */ = {isa = PBXFileReference; lastKnownFileType = sourcecode.c.objc; path = M6XIndexScrollObserver.m; sourceTree = "<group>"; };
		9914784921E893EC0013BEEF /* M6RisePercentScrollObserver.h */ = {isa = PBXFileReference; fileEncoding = 4; lastKnownFileType = sourcecode.c.h; path = M6RisePercentScrollObserver.h; sourceTree = "<group>"; };
		9914784A21E893EC0013BEEF /* M6RisePercentScrollObserver.m */ = {isa = PBXFileReference; fileEncoding = 4; lastKnownFileType = sourcecode.c.objc; path = M6RisePercentScrollObserver.m; sourceTree = "<group>"; };
		995E50A321E727A200C3DB28 /* M6ScrollObserver.app */ = {isa = PBXFileReference; explicitFileType = wrapper.application; includeInIndex = 0; path = M6ScrollObserver.app; sourceTree = BUILT_PRODUCTS_DIR; };
		995E50A621E727A200C3DB28 /* AppDelegate.h */ = {isa = PBXFileReference; lastKnownFileType = sourcecode.c.h; path = AppDelegate.h; sourceTree = "<group>"; };
		995E50A721E727A200C3DB28 /* AppDelegate.m */ = {isa = PBXFileReference; lastKnownFileType = sourcecode.c.objc; path = AppDelegate.m; sourceTree = "<group>"; };
		995E50A921E727A200C3DB28 /* ViewController.h */ = {isa = PBXFileReference; lastKnownFileType = sourcecode.c.h; path = ViewController.h; sourceTree = "<group>"; };
		995E50AA21E727A200C3DB28 /* ViewController.m */ = {isa = PBXFileReference; lastKnownFileType = sourcecode.c.objc; path = ViewController.m; sourceTree = "<group>"; };
		995E50AD21E727A200C3DB28 /* Base */ = {isa = PBXFileReference; lastKnownFileType = file.storyboard; name = Base; path = Base.lproj/Main.storyboard; sourceTree = "<group>"; };
		995E50AF21E727A400C3DB28 /* Assets.xcassets */ = {isa = PBXFileReference; lastKnownFileType = folder.assetcatalog; path = Assets.xcassets; sourceTree = "<group>"; };
		995E50B221E727A400C3DB28 /* Base */ = {isa = PBXFileReference; lastKnownFileType = file.storyboard; name = Base; path = Base.lproj/LaunchScreen.storyboard; sourceTree = "<group>"; };
		995E50B421E727A400C3DB28 /* Info.plist */ = {isa = PBXFileReference; lastKnownFileType = text.plist.xml; path = Info.plist; sourceTree = "<group>"; };
		995E50B521E727A400C3DB28 /* main.m */ = {isa = PBXFileReference; lastKnownFileType = sourcecode.c.objc; path = main.m; sourceTree = "<group>"; };
		995E50C121E7289A00C3DB28 /* M6OffsetScrollObserver.h */ = {isa = PBXFileReference; fileEncoding = 4; lastKnownFileType = sourcecode.c.h; path = M6OffsetScrollObserver.h; sourceTree = "<group>"; };
		995E50C221E7289A00C3DB28 /* M6OffsetScrollObserver.m */ = {isa = PBXFileReference; fileEncoding = 4; lastKnownFileType = sourcecode.c.objc; path = M6OffsetScrollObserver.m; sourceTree = "<group>"; };
		995E50C521E728F900C3DB28 /* M6YProgressScrollObserver.h */ = {isa = PBXFileReference; lastKnownFileType = sourcecode.c.h; path = M6YProgressScrollObserver.h; sourceTree = "<group>"; };
		995E50C621E728F900C3DB28 /* M6YProgressScrollObserver.m */ = {isa = PBXFileReference; lastKnownFileType = sourcecode.c.objc; path = M6YProgressScrollObserver.m; sourceTree = "<group>"; };
		995E50CF21E7307D00C3DB28 /* M4TempListGenerator.h */ = {isa = PBXFileReference; fileEncoding = 4; lastKnownFileType = sourcecode.c.h; path = M4TempListGenerator.h; sourceTree = "<group>"; };
		995E50D021E7307D00C3DB28 /* M4TempListGenerator.m */ = {isa = PBXFileReference; fileEncoding = 4; lastKnownFileType = sourcecode.c.objc; path = M4TempListGenerator.m; sourceTree = "<group>"; };
/* End PBXFileReference section */

/* Begin PBXFrameworksBuildPhase section */
		995E50A021E727A200C3DB28 /* Frameworks */ = {
			isa = PBXFrameworksBuildPhase;
			buildActionMask = 2147483647;
			files = (
			);
			runOnlyForDeploymentPostprocessing = 0;
		};
/* End PBXFrameworksBuildPhase section */

/* Begin PBXGroup section */
		9914783D21E87CC90013BEEF /* xIndex */ = {
			isa = PBXGroup;
			children = (
				9914783E21E87CE50013BEEF /* M6XIndexScrollObserver.h */,
				9914783F21E87CE50013BEEF /* M6XIndexScrollObserver.m */,
			);
			name = xIndex;
			path = Src/xIndex;
			sourceTree = "<group>";
		};
		9914784821E893EC0013BEEF /* risePercent */ = {
			isa = PBXGroup;
			children = (
				9914784921E893EC0013BEEF /* M6RisePercentScrollObserver.h */,
				9914784A21E893EC0013BEEF /* M6RisePercentScrollObserver.m */,
			);
			name = risePercent;
			path = Src/risePercent;
			sourceTree = "<group>";
		};
		995E509A21E727A200C3DB28 = {
			isa = PBXGroup;
			children = (
				995E50A521E727A200C3DB28 /* M6ScrollObserver */,
				995E50A421E727A200C3DB28 /* Products */,
			);
			sourceTree = "<group>";
		};
		995E50A421E727A200C3DB28 /* Products */ = {
			isa = PBXGroup;
			children = (
				995E50A321E727A200C3DB28 /* M6ScrollObserver.app */,
			);
			name = Products;
			sourceTree = "<group>";
		};
		995E50A521E727A200C3DB28 /* M6ScrollObserver */ = {
			isa = PBXGroup;
			children = (
				995E50A621E727A200C3DB28 /* AppDelegate.h */,
				995E50A721E727A200C3DB28 /* AppDelegate.m */,
				995E50A921E727A200C3DB28 /* ViewController.h */,
				995E50AA21E727A200C3DB28 /* ViewController.m */,
				995E50CD21E7306C00C3DB28 /* _temp */,
				995E50C021E7289A00C3DB28 /* offset */,
				995E50C421E728E200C3DB28 /* yProgress */,
				9914784821E893EC0013BEEF /* risePercent */,
				9914783D21E87CC90013BEEF /* xIndex */,
				995E50AC21E727A200C3DB28 /* Main.storyboard */,
				995E50AF21E727A400C3DB28 /* Assets.xcassets */,
				995E50B121E727A400C3DB28 /* LaunchScreen.storyboard */,
				995E50B421E727A400C3DB28 /* Info.plist */,
				995E50B521E727A400C3DB28 /* main.m */,
			);
			path = M6ScrollObserver;
			sourceTree = "<group>";
		};
		995E50C021E7289A00C3DB28 /* offset */ = {
			isa = PBXGroup;
			children = (
				995E50C121E7289A00C3DB28 /* M6OffsetScrollObserver.h */,
				995E50C221E7289A00C3DB28 /* M6OffsetScrollObserver.m */,
			);
			name = offset;
			path = Src/offset;
			sourceTree = "<group>";
		};
		995E50C421E728E200C3DB28 /* yProgress */ = {
			isa = PBXGroup;
			children = (
				995E50C521E728F900C3DB28 /* M6YProgressScrollObserver.h */,
				995E50C621E728F900C3DB28 /* M6YProgressScrollObserver.m */,
			);
			name = yProgress;
			path = Src/yProgress;
			sourceTree = "<group>";
		};
		995E50CD21E7306C00C3DB28 /* _temp */ = {
			isa = PBXGroup;
			children = (
				995E50CE21E7307D00C3DB28 /* ListGenerator */,
			);
			name = _temp;
			path = Src/_temp;
			sourceTree = "<group>";
		};
		995E50CE21E7307D00C3DB28 /* ListGenerator */ = {
			isa = PBXGroup;
			children = (
				995E50CF21E7307D00C3DB28 /* M4TempListGenerator.h */,
				995E50D021E7307D00C3DB28 /* M4TempListGenerator.m */,
			);
			path = ListGenerator;
			sourceTree = "<group>";
		};
/* End PBXGroup section */

/* Begin PBXNativeTarget section */
		995E50A221E727A200C3DB28 /* M6ScrollObserver */ = {
			isa = PBXNativeTarget;
			buildConfigurationList = 995E50B921E727A400C3DB28 /* Build configuration list for PBXNativeTarget "M6ScrollObserver" */;
			buildPhases = (
				995E509F21E727A200C3DB28 /* Sources */,
				995E50A021E727A200C3DB28 /* Frameworks */,
				995E50A121E727A200C3DB28 /* Resources */,
			);
			buildRules = (
			);
			dependencies = (
			);
			name = M6ScrollObserver;
			productName = M6ScrollObserver;
			productReference = 995E50A321E727A200C3DB28 /* M6ScrollObserver.app */;
			productType = "com.apple.product-type.application";
		};
/* End PBXNativeTarget section */

/* Begin PBXProject section */
		995E509B21E727A200C3DB28 /* Project object */ = {
			isa = PBXProject;
			attributes = {
				LastUpgradeCheck = 1010;
				ORGANIZATIONNAME = xyz.chenms;
				TargetAttributes = {
					995E50A221E727A200C3DB28 = {
						CreatedOnToolsVersion = 10.1;
					};
				};
			};
			buildConfigurationList = 995E509E21E727A200C3DB28 /* Build configuration list for PBXProject "M6ScrollObserver" */;
			compatibilityVersion = "Xcode 9.3";
			developmentRegion = en;
			hasScannedForEncodings = 0;
			knownRegions = (
				en,
				Base,
			);
			mainGroup = 995E509A21E727A200C3DB28;
			productRefGroup = 995E50A421E727A200C3DB28 /* Products */;
			projectDirPath = "";
			projectRoot = "";
			targets = (
				995E50A221E727A200C3DB28 /* M6ScrollObserver */,
			);
		};
/* End PBXProject section */

/* Begin PBXResourcesBuildPhase section */
		995E50A121E727A200C3DB28 /* Resources */ = {
			isa = PBXResourcesBuildPhase;
			buildActionMask = 2147483647;
			files = (
				995E50B321E727A400C3DB28 /* LaunchScreen.storyboard in Resources */,
				995E50B021E727A400C3DB28 /* Assets.xcassets in Resources */,
				995E50AE21E727A200C3DB28 /* Main.storyboard in Resources */,
			);
			runOnlyForDeploymentPostprocessing = 0;
		};
/* End PBXResourcesBuildPhase section */

/* Begin PBXSourcesBuildPhase section */
		995E509F21E727A200C3DB28 /* Sources */ = {
			isa = PBXSourcesBuildPhase;
			buildActionMask = 2147483647;
			files = (
				9914784B21E893EC0013BEEF /* M6RisePercentScrollObserver.m in Sources */,
				995E50C321E7289A00C3DB28 /* M6OffsetScrollObserver.m in Sources */,
				9914784021E87CE50013BEEF /* M6XIndexScrollObserver.m in Sources */,
				995E50AB21E727A200C3DB28 /* ViewController.m in Sources */,
				995E50D121E7307D00C3DB28 /* M4TempListGenerator.m in Sources */,
				995E50B621E727A400C3DB28 /* main.m in Sources */,
				995E50A821E727A200C3DB28 /* AppDelegate.m in Sources */,
				995E50C721E728F900C3DB28 /* M6YProgressScrollObserver.m in Sources */,
			);
			runOnlyForDeploymentPostprocessing = 0;
		};
/* End PBXSourcesBuildPhase section */

/* Begin PBXVariantGroup section */
		995E50AC21E727A200C3DB28 /* Main.storyboard */ = {
			isa = PBXVariantGroup;
			children = (
				995E50AD21E727A200C3DB28 /* Base */,
			);
			name = Main.storyboard;
			sourceTree = "<group>";
		};
		995E50B121E727A400C3DB28 /* LaunchScreen.storyboard */ = {
			isa = PBXVariantGroup;
			children = (
				995E50B221E727A400C3DB28 /* Base */,
			);
			name = LaunchScreen.storyboard;
			sourceTree = "<group>";
		};
/* End PBXVariantGroup section */

/* Begin XCBuildConfiguration section */
		995E50B721E727A400C3DB28 /* Debug */ = {
			isa = XCBuildConfiguration;
			buildSettings = {
				ALWAYS_SEARCH_USER_PATHS = NO;
				CLANG_ANALYZER_NONNULL = YES;
				CLANG_ANALYZER_NUMBER_OBJECT_CONVERSION = YES_AGGRESSIVE;
				CLANG_CXX_LANGUAGE_STANDARD = "gnu++14";
				CLANG_CXX_LIBRARY = "libc++";
				CLANG_ENABLE_MODULES = YES;
				CLANG_ENABLE_OBJC_ARC = YES;
				CLANG_ENABLE_OBJC_WEAK = YES;
				CLANG_WARN_BLOCK_CAPTURE_AUTORELEASING = YES;
				CLANG_WARN_BOOL_CONVERSION = YES;
				CLANG_WARN_COMMA = YES;
				CLANG_WARN_CONSTANT_CONVERSION = YES;
				CLANG_WARN_DEPRECATED_OBJC_IMPLEMENTATIONS = YES;
				CLANG_WARN_DIRECT_OBJC_ISA_USAGE = YES_ERROR;
				CLANG_WARN_DOCUMENTATION_COMMENTS = YES;
				CLANG_WARN_EMPTY_BODY = YES;
				CLANG_WARN_ENUM_CONVERSION = YES;
				CLANG_WARN_INFINITE_RECURSION = YES;
				CLANG_WARN_INT_CONVERSION = YES;
				CLANG_WARN_NON_LITERAL_NULL_CONVERSION = YES;
				CLANG_WARN_OBJC_IMPLICIT_RETAIN_SELF = YES;
				CLANG_WARN_OBJC_LITERAL_CONVERSION = YES;
				CLANG_WARN_OBJC_ROOT_CLASS = YES_ERROR;
				CLANG_WARN_RANGE_LOOP_ANALYSIS = YES;
				CLANG_WARN_STRICT_PROTOTYPES = YES;
				CLANG_WARN_SUSPICIOUS_MOVE = YES;
				CLANG_WARN_UNGUARDED_AVAILABILITY = YES_AGGRESSIVE;
				CLANG_WARN_UNREACHABLE_CODE = YES;
				CLANG_WARN__DUPLICATE_METHOD_MATCH = YES;
				CODE_SIGN_IDENTITY = "iPhone Developer";
				COPY_PHASE_STRIP = NO;
				DEBUG_INFORMATION_FORMAT = dwarf;
				ENABLE_STRICT_OBJC_MSGSEND = YES;
				ENABLE_TESTABILITY = YES;
				GCC_C_LANGUAGE_STANDARD = gnu11;
				GCC_DYNAMIC_NO_PIC = NO;
				GCC_NO_COMMON_BLOCKS = YES;
				GCC_OPTIMIZATION_LEVEL = 0;
				GCC_PREPROCESSOR_DEFINITIONS = (
					"DEBUG=1",
					"$(inherited)",
				);
				GCC_WARN_64_TO_32_BIT_CONVERSION = YES;
				GCC_WARN_ABOUT_RETURN_TYPE = YES_ERROR;
				GCC_WARN_UNDECLARED_SELECTOR = YES;
				GCC_WARN_UNINITIALIZED_AUTOS = YES_AGGRESSIVE;
				GCC_WARN_UNUSED_FUNCTION = YES;
				GCC_WARN_UNUSED_VARIABLE = YES;
				IPHONEOS_DEPLOYMENT_TARGET = 12.1;
				MTL_ENABLE_DEBUG_INFO = INCLUDE_SOURCE;
				MTL_FAST_MATH = YES;
				ONLY_ACTIVE_ARCH = YES;
				SDKROOT = iphoneos;
			};
			name = Debug;
		};
		995E50B821E727A400C3DB28 /* Release */ = {
			isa = XCBuildConfiguration;
			buildSettings = {
				ALWAYS_SEARCH_USER_PATHS = NO;
				CLANG_ANALYZER_NONNULL = YES;
				CLANG_ANALYZER_NUMBER_OBJECT_CONVERSION = YES_AGGRESSIVE;
				CLANG_CXX_LANGUAGE_STANDARD = "gnu++14";
				CLANG_CXX_LIBRARY = "libc++";
				CLANG_ENABLE_MODULES = YES;
				CLANG_ENABLE_OBJC_ARC = YES;
				CLANG_ENABLE_OBJC_WEAK = YES;
				CLANG_WARN_BLOCK_CAPTURE_AUTORELEASING = YES;
				CLANG_WARN_BOOL_CONVERSION = YES;
				CLANG_WARN_COMMA = YES;
				CLANG_WARN_CONSTANT_CONVERSION = YES;
				CLANG_WARN_DEPRECATED_OBJC_IMPLEMENTATIONS = YES;
				CLANG_WARN_DIRECT_OBJC_ISA_USAGE = YES_ERROR;
				CLANG_WARN_DOCUMENTATION_COMMENTS = YES;
				CLANG_WARN_EMPTY_BODY = YES;
				CLANG_WARN_ENUM_CONVERSION = YES;
				CLANG_WARN_INFINITE_RECURSION = YES;
				CLANG_WARN_INT_CONVERSION = YES;
				CLANG_WARN_NON_LITERAL_NULL_CONVERSION = YES;
				CLANG_WARN_OBJC_IMPLICIT_RETAIN_SELF = YES;
				CLANG_WARN_OBJC_LITERAL_CONVERSION = YES;
				CLANG_WARN_OBJC_ROOT_CLASS = YES_ERROR;
				CLANG_WARN_RANGE_LOOP_ANALYSIS = YES;
				CLANG_WARN_STRICT_PROTOTYPES = YES;
				CLANG_WARN_SUSPICIOUS_MOVE = YES;
				CLANG_WARN_UNGUARDED_AVAILABILITY = YES_AGGRESSIVE;
				CLANG_WARN_UNREACHABLE_CODE = YES;
				CLANG_WARN__DUPLICATE_METHOD_MATCH = YES;
				CODE_SIGN_IDENTITY = "iPhone Developer";
				COPY_PHASE_STRIP = NO;
				DEBUG_INFORMATION_FORMAT = "dwarf-with-dsym";
				ENABLE_NS_ASSERTIONS = NO;
				ENABLE_STRICT_OBJC_MSGSEND = YES;
				GCC_C_LANGUAGE_STANDARD = gnu11;
				GCC_NO_COMMON_BLOCKS = YES;
				GCC_WARN_64_TO_32_BIT_CONVERSION = YES;
				GCC_WARN_ABOUT_RETURN_TYPE = YES_ERROR;
				GCC_WARN_UNDECLARED_SELECTOR = YES;
				GCC_WARN_UNINITIALIZED_AUTOS = YES_AGGRESSIVE;
				GCC_WARN_UNUSED_FUNCTION = YES;
				GCC_WARN_UNUSED_VARIABLE = YES;
				IPHONEOS_DEPLOYMENT_TARGET = 12.1;
				MTL_ENABLE_DEBUG_INFO = NO;
				MTL_FAST_MATH = YES;
				SDKROOT = iphoneos;
				VALIDATE_PRODUCT = YES;
			};
			name = Release;
		};
		995E50BA21E727A400C3DB28 /* Debug */ = {
			isa = XCBuildConfiguration;
			buildSettings = {
				ASSETCATALOG_COMPILER_APPICON_NAME = AppIcon;
				CODE_SIGN_STYLE = Automatic;
				DEVELOPMENT_TEAM = LD9JLNUXTG;
				INFOPLIST_FILE = M6ScrollObserver/Info.plist;
				LD_RUNPATH_SEARCH_PATHS = (
					"$(inherited)",
					"@executable_path/Frameworks",
				);
				PRODUCT_BUNDLE_IDENTIFIER = xyz.chenms.M6ScrollObserver;
				PRODUCT_NAME = "$(TARGET_NAME)";
				TARGETED_DEVICE_FAMILY = "1,2";
			};
			name = Debug;
		};
		995E50BB21E727A400C3DB28 /* Release */ = {
			isa = XCBuildConfiguration;
			buildSettings = {
				ASSETCATALOG_COMPILER_APPICON_NAME = AppIcon;
				CODE_SIGN_STYLE = Automatic;
				DEVELOPMENT_TEAM = LD9JLNUXTG;
				INFOPLIST_FILE = M6ScrollObserver/Info.plist;
				LD_RUNPATH_SEARCH_PATHS = (
					"$(inherited)",
					"@executable_path/Frameworks",
				);
				PRODUCT_BUNDLE_IDENTIFIER = xyz.chenms.M6ScrollObserver;
				PRODUCT_NAME = "$(TARGET_NAME)";
				TARGETED_DEVICE_FAMILY = "1,2";
			};
			name = Release;
		};
/* End XCBuildConfiguration section */

/* Begin XCConfigurationList section */
		995E509E21E727A200C3DB28 /* Build configuration list for PBXProject "M6ScrollObserver" */ = {
			isa = XCConfigurationList;
			buildConfigurations = (
				995E50B721E727A400C3DB28 /* Debug */,
				995E50B821E727A400C3DB28 /* Release */,
			);
			defaultConfigurationIsVisible = 0;
			defaultConfigurationName = Release;
		};
		995E50B921E727A400C3DB28 /* Build configuration list for PBXNativeTarget "M6ScrollObserver" */ = {
			isa = XCConfigurationList;
			buildConfigurations = (
				995E50BA21E727A400C3DB28 /* Debug */,
				995E50BB21E727A400C3DB28 /* Release */,
			);
			defaultConfigurationIsVisible = 0;
			defaultConfigurationName = Release;
		};
/* End XCConfigurationList section */
	};
	rootObject = 995E509B21E727A200C3DB28 /* Project object */;
}
